
Microsoft Visual Studio Solution File, Format Version 12.00
# Visual Studio Version 16
VisualStudioVersion = 16.0.30907.101
MinimumVisualStudioVersion = 10.0.40219.1
Project("{FAE04EC0-301F-11D3-BF4B-00C04F79EFBC}") = "MyWebProjection", "MyWebProjection\MyWebProjection.csproj", "{953E91C0-0036-4FFC-8051-FCDD4B3A23DB}"
EndProject
Global
	GlobalSection(SolutionConfigurationPlatforms) = preSolution
		Debug|Any CPU = Debug|Any CPU
		Release|Any CPU = Release|Any CPU
	EndGlobalSection
	GlobalSection(ProjectConfigurationPlatforms) = postSolution
		{953E91C0-0036-4FFC-8051-FCDD4B3A23DB}.Debug|Any CPU.ActiveCfg = Debug|Any CPU
		{953E91C0-0036-4FFC-8051-FCDD4B3A23DB}.Debug|Any CPU.Build.0 = Debug|Any CPU
		{953E91C0-0036-4FFC-8051-FCDD4B3A23DB}.Release|Any CPU.ActiveCfg = Release|Any CPU
		{953E91C0-0036-4FFC-8051-FCDD4B3A23DB}.Release|Any CPU.Build.0 = Release|Any CPU
	EndGlobalSection
	GlobalSection(SolutionProperties) = preSolution
		HideSolutionNode = FALSE
	EndGlobalSection
	GlobalSection(ExtensibilityGlobals) = postSolution
		SolutionGuid = {6E0313F3-D6EB-4879-9203-FAEEDFFBCC95}
	EndGlobalSection
EndGlobal
